
Microsoft Visual Studio Solution File, Format Version 12.00
# Visual Studio 2013
VisualStudioVersion = 12.0.31101.0
MinimumVisualStudioVersion = 10.0.40219.1
Project("{FAE04EC0-301F-11D3-BF4B-00C04F79EFBC}") = "OpenRasta.Codecs.WebForms", "OpenRasta.Codecs.WebForms\OpenRasta.Codecs.WebForms.csproj", "{1F2332E4-0E6B-4DA4-830D-3D3B8DBCF508}"
EndProject
Project("{FAE04EC0-301F-11D3-BF4B-00C04F79EFBC}") = "OpenRasta.Codecs.WebForms.Tests.Unit", "OpenRasta.Codecs.WebForms.Tests.Unit\OpenRasta.Codecs.WebForms.Tests.Unit.csproj", "{A38D9A2F-BB7E-4CFD-B14F-986D6DEDE1AD}"
EndProject
Global
	GlobalSection(SolutionConfigurationPlatforms) = preSolution
		Debug|Any CPU = Debug|Any CPU
		Release|Any CPU = Release|Any CPU
	EndGlobalSection
	GlobalSection(ProjectConfigurationPlatforms) = postSolution
		{1F2332E4-0E6B-4DA4-830D-3D3B8DBCF508}.Debug|Any CPU.ActiveCfg = Debug|Any CPU
		{1F2332E4-0E6B-4DA4-830D-3D3B8DBCF508}.Debug|Any CPU.Build.0 = Debug|Any CPU
		{1F2332E4-0E6B-4DA4-830D-3D3B8DBCF508}.Release|Any CPU.ActiveCfg = Release|Any CPU
		{1F2332E4-0E6B-4DA4-830D-3D3B8DBCF508}.Release|Any CPU.Build.0 = Release|Any CPU
		{A38D9A2F-BB7E-4CFD-B14F-986D6DEDE1AD}.Debug|Any CPU.ActiveCfg = Debug|Any CPU
		{A38D9A2F-BB7E-4CFD-B14F-986D6DEDE1AD}.Debug|Any CPU.Build.0 = Debug|Any CPU
		{A38D9A2F-BB7E-4CFD-B14F-986D6DEDE1AD}.Release|Any CPU.ActiveCfg = Release|Any CPU
		{A38D9A2F-BB7E-4CFD-B14F-986D6DEDE1AD}.Release|Any CPU.Build.0 = Release|Any CPU
	EndGlobalSection
	GlobalSection(SolutionProperties) = preSolution
		HideSolutionNode = FALSE
	EndGlobalSection
EndGlobal
